// !$*UTF8*$!
{
	archiveVersion = 1;
	classes = {
	};
	objectVersion = 48;
	objects = {

/* Begin PBXBuildFile section */
		A317ECAF1FBEF2EF002E22F0 /* main.cpp in Sources */ = {isa = PBXBuildFile; fileRef = A317ECAE1FBEF2EF002E22F0 /* main.cpp */; };
		A317ECB81FBEF2EF002E22F0 /* icon.png in Resources */ = {isa = PBXBuildFile; fileRef = A317ECB71FBEF2EF002E22F0 /* icon.png */; };
		A317ECC01FBEF3AE002E22F0 /* GameEngine.cpp in Sources */ = {isa = PBXBuildFile; fileRef = A317ECBE1FBEF3AE002E22F0 /* GameEngine.cpp */; };
		A317ECC71FBEF693002E22F0 /* StateMachine.cpp in Sources */ = {isa = PBXBuildFile; fileRef = A317ECC51FBEF693002E22F0 /* StateMachine.cpp */; };
		A317ECCB1FBEF754002E22F0 /* AssetManager.cpp in Sources */ = {isa = PBXBuildFile; fileRef = A317ECC91FBEF754002E22F0 /* AssetManager.cpp */; };
		A317ECCE1FBEF779002E22F0 /* InputManager.cpp in Sources */ = {isa = PBXBuildFile; fileRef = A317ECCC1FBEF779002E22F0 /* InputManager.cpp */; };
		A317ECD31FBEF966002E22F0 /* State.cpp in Sources */ = {isa = PBXBuildFile; fileRef = A317ECD11FBEF966002E22F0 /* State.cpp */; };
/* End PBXBuildFile section */

/* Begin PBXFileReference section */
		A317ECA61FBEF2EF002E22F0 /* Platformer.app */ = {isa = PBXFileReference; explicitFileType = wrapper.application; includeInIndex = 0; path = Platformer.app; sourceTree = BUILT_PRODUCTS_DIR; };
		A317ECAA1FBEF2EF002E22F0 /* Platformer-Info.plist */ = {isa = PBXFileReference; lastKnownFileType = text.plist.xml; path = "Platformer-Info.plist"; sourceTree = "<group>"; };
		A317ECAE1FBEF2EF002E22F0 /* main.cpp */ = {isa = PBXFileReference; lastKnownFileType = sourcecode.cpp.cpp; path = main.cpp; sourceTree = "<group>"; };
		A317ECB71FBEF2EF002E22F0 /* icon.png */ = {isa = PBXFileReference; lastKnownFileType = image.png; path = icon.png; sourceTree = "<group>"; };
		A317ECBE1FBEF3AE002E22F0 /* GameEngine.cpp */ = {isa = PBXFileReference; lastKnownFileType = sourcecode.cpp.cpp; path = GameEngine.cpp; sourceTree = "<group>"; };
		A317ECBF1FBEF3AE002E22F0 /* GameEngine.hpp */ = {isa = PBXFileReference; lastKnownFileType = sourcecode.cpp.h; path = GameEngine.hpp; sourceTree = "<group>"; };
		A317ECC11FBEF3F8002E22F0 /* Definitions.h */ = {isa = PBXFileReference; lastKnownFileType = sourcecode.c.h; path = Definitions.h; sourceTree = "<group>"; };
		A317ECC51FBEF693002E22F0 /* StateMachine.cpp */ = {isa = PBXFileReference; lastKnownFileType = sourcecode.cpp.cpp; path = StateMachine.cpp; sourceTree = "<group>"; };
		A317ECC61FBEF693002E22F0 /* StateMachine.hpp */ = {isa = PBXFileReference; lastKnownFileType = sourcecode.cpp.h; path = StateMachine.hpp; sourceTree = "<group>"; };
		A317ECC91FBEF754002E22F0 /* AssetManager.cpp */ = {isa = PBXFileReference; lastKnownFileType = sourcecode.cpp.cpp; path = AssetManager.cpp; sourceTree = "<group>"; };
		A317ECCA1FBEF754002E22F0 /* AssetManager.hpp */ = {isa = PBXFileReference; lastKnownFileType = sourcecode.cpp.h; path = AssetManager.hpp; sourceTree = "<group>"; };
		A317ECCC1FBEF779002E22F0 /* InputManager.cpp */ = {isa = PBXFileReference; lastKnownFileType = sourcecode.cpp.cpp; path = InputManager.cpp; sourceTree = "<group>"; };
		A317ECCD1FBEF779002E22F0 /* InputManager.hpp */ = {isa = PBXFileReference; lastKnownFileType = sourcecode.cpp.h; path = InputManager.hpp; sourceTree = "<group>"; };
		A317ECD11FBEF966002E22F0 /* State.cpp */ = {isa = PBXFileReference; lastKnownFileType = sourcecode.cpp.cpp; path = State.cpp; sourceTree = "<group>"; };
		A317ECD21FBEF966002E22F0 /* State.hpp */ = {isa = PBXFileReference; lastKnownFileType = sourcecode.cpp.h; path = State.hpp; sourceTree = "<group>"; };
/* End PBXFileReference section */

/* Begin PBXFrameworksBuildPhase section */
		A317ECA21FBEF2EF002E22F0 /* Frameworks */ = {
			isa = PBXFrameworksBuildPhase;
			buildActionMask = 2147483647;
			files = (
			);
			runOnlyForDeploymentPostprocessing = 0;
		};
/* End PBXFrameworksBuildPhase section */

/* Begin PBXGroup section */
		A317EC9C1FBEF2EF002E22F0 = {
			isa = PBXGroup;
			children = (
				A317ECA81FBEF2EF002E22F0 /* Platformer */,
				A317ECA71FBEF2EF002E22F0 /* Products */,
			);
			sourceTree = "<group>";
		};
		A317ECA71FBEF2EF002E22F0 /* Products */ = {
			isa = PBXGroup;
			children = (
				A317ECA61FBEF2EF002E22F0 /* Platformer.app */,
			);
			name = Products;
			sourceTree = "<group>";
		};
		A317ECA81FBEF2EF002E22F0 /* Platformer */ = {
			isa = PBXGroup;
			children = (
				A317ECD01FBEF955002E22F0 /* States */,
				A317ECC81FBEF6B8002E22F0 /* Managers */,
				A317ECA91FBEF2EF002E22F0 /* Supporting Files */,
				A317ECB01FBEF2EF002E22F0 /* Resources */,
				A317ECAE1FBEF2EF002E22F0 /* main.cpp */,
				A317ECBE1FBEF3AE002E22F0 /* GameEngine.cpp */,
				A317ECBF1FBEF3AE002E22F0 /* GameEngine.hpp */,
				A317ECC11FBEF3F8002E22F0 /* Definitions.h */,
			);
			path = Platformer;
			sourceTree = "<group>";
		};
		A317ECA91FBEF2EF002E22F0 /* Supporting Files */ = {
			isa = PBXGroup;
			children = (
				A317ECAA1FBEF2EF002E22F0 /* Platformer-Info.plist */,
			);
			name = "Supporting Files";
			sourceTree = "<group>";
		};
		A317ECB01FBEF2EF002E22F0 /* Resources */ = {
			isa = PBXGroup;
			children = (
				A317ECB71FBEF2EF002E22F0 /* icon.png */,
			);
			name = Resources;
			sourceTree = "<group>";
		};
		A317ECC81FBEF6B8002E22F0 /* Managers */ = {
			isa = PBXGroup;
			children = (
				A317ECC51FBEF693002E22F0 /* StateMachine.cpp */,
				A317ECC61FBEF693002E22F0 /* StateMachine.hpp */,
				A317ECC91FBEF754002E22F0 /* AssetManager.cpp */,
				A317ECCA1FBEF754002E22F0 /* AssetManager.hpp */,
				A317ECCC1FBEF779002E22F0 /* InputManager.cpp */,
				A317ECCD1FBEF779002E22F0 /* InputManager.hpp */,
			);
			path = Managers;
			sourceTree = "<group>";
		};
		A317ECD01FBEF955002E22F0 /* States */ = {
			isa = PBXGroup;
			children = (
				A317ECD11FBEF966002E22F0 /* State.cpp */,
				A317ECD21FBEF966002E22F0 /* State.hpp */,
			);
			path = States;
			sourceTree = "<group>";
		};
/* End PBXGroup section */

/* Begin PBXNativeTarget section */
		A317ECA51FBEF2EF002E22F0 /* Platformer */ = {
			isa = PBXNativeTarget;
			buildConfigurationList = A317ECBB1FBEF2EF002E22F0 /* Build configuration list for PBXNativeTarget "Platformer" */;
			buildPhases = (
				A317ECA11FBEF2EF002E22F0 /* Sources */,
				A317ECA21FBEF2EF002E22F0 /* Frameworks */,
				A317ECA31FBEF2EF002E22F0 /* Resources */,
				A317ECA41FBEF2EF002E22F0 /* ShellScript */,
			);
			buildRules = (
			);
			dependencies = (
			);
			name = Platformer;
			productName = Platformer;
			productReference = A317ECA61FBEF2EF002E22F0 /* Platformer.app */;
			productType = "com.apple.product-type.application";
		};
/* End PBXNativeTarget section */

/* Begin PBXProject section */
		A317EC9D1FBEF2EF002E22F0 /* Project object */ = {
			isa = PBXProject;
			attributes = {
				LastUpgradeCheck = 0910;
				ORGANIZATIONNAME = "Przemek Banasiak";
				TargetAttributes = {
					A317ECA51FBEF2EF002E22F0 = {
						CreatedOnToolsVersion = 9.1;
						ProvisioningStyle = Automatic;
					};
				};
			};
			buildConfigurationList = A317ECA01FBEF2EF002E22F0 /* Build configuration list for PBXProject "Platformer" */;
			compatibilityVersion = "Xcode 8.0";
			developmentRegion = en;
			hasScannedForEncodings = 0;
			knownRegions = (
				en,
			);
			mainGroup = A317EC9C1FBEF2EF002E22F0;
			productRefGroup = A317ECA71FBEF2EF002E22F0 /* Products */;
			projectDirPath = "";
			projectRoot = "";
			targets = (
				A317ECA51FBEF2EF002E22F0 /* Platformer */,
			);
		};
/* End PBXProject section */

/* Begin PBXResourcesBuildPhase section */
		A317ECA31FBEF2EF002E22F0 /* Resources */ = {
			isa = PBXResourcesBuildPhase;
			buildActionMask = 2147483647;
			files = (
				A317ECB81FBEF2EF002E22F0 /* icon.png in Resources */,
			);
			runOnlyForDeploymentPostprocessing = 0;
		};
/* End PBXResourcesBuildPhase section */

/* Begin PBXShellScriptBuildPhase section */
		A317ECA41FBEF2EF002E22F0 /* ShellScript */ = {
			isa = PBXShellScriptBuildPhase;
			buildActionMask = 2147483647;
			files = (
			);
			inputPaths = (
			);
			outputPaths = (
			);
			runOnlyForDeploymentPostprocessing = 0;
			shellPath = /bin/sh;
			shellScript = "# This shell script simply copies required SFML dylibs/frameworks into the application bundle frameworks folder.\n# If you're using static libraries (which is not recommended) you should remove this script from your project.\n\n# SETTINGS\nCMAKE_INSTALL_FRAMEWORK_PREFIX=\"/Library/Frameworks\"\nCMAKE_INSTALL_LIB_PREFIX=\"/usr/local/lib\"\nFRAMEWORKS_FULL_PATH=\"$BUILT_PRODUCTS_DIR/$FRAMEWORKS_FOLDER_PATH/\"\n\n# Are we building a project that uses frameworks or dylibs?\ncase \"$SFML_BINARY_TYPE\" in\n    DYLIBS)\n        frameworks=\"false\"\n        ;;\n    *)\n        frameworks=\"true\"\n        ;;\nesac\n\n# Echoes to stderr\nerror () # $* message to display\n{\n    echo $* 1>&2\n    exit 2\n}\n\nassert () # $1 is a boolean, $2...N is an error message\n{\n    if [ $# -lt 2 ]\n    then\n        error \"Internal error in assert: not enough args\"\n    fi\n\n    if [ $1 -ne 0 ]\n    then\n        shift\n        error \"$*\"\n    fi\n}\n\nforce_remove () # $@ is some paths\n{\n    test $# -ge 1\n    assert $? \"force_remove() requires at least one parameter\"\n    rm -fr $@\n    assert $? \"couldn't remove $@\"\n}\n\ncopy () # $1 is a source, $2 is a destination\n{\n    test $# -eq 2\n    assert $? \"copy() requires two parameters\"\n    ditto \"$1\" \"$2\"\n    assert $? \"couldn't copy $1 to $2\"\n}\n\nrequire () # $1 is a SFML module like 'system' or 'audio'\n{\n    dest=\"$BUILT_PRODUCTS_DIR/$FRAMEWORKS_FOLDER_PATH/\"\n\n    if [ -z \"$1\" ]\n    then\n        error \"require() requires one parameter!\"\n    else\n        # clean potentially old stuff\n        force_remove \"$dest/libsfml-$1\"*\n        force_remove \"$dest/sfml-$1.framework\"\n\n        # copy SFML libraries\n        if [ \"$frameworks\" = \"true\" ]\n        then\n            source=\"$CMAKE_INSTALL_FRAMEWORK_PREFIX/sfml-$1.framework\"\n            target=\"sfml-$1.framework\"\n        elif [ \"$SFML_LINK_DYLIBS_SUFFIX\" = \"-d\" ]\n        then\n            source=\"$CMAKE_INSTALL_LIB_PREFIX/libsfml-$1-d.dylib\"\n            target=\"`readlink $source`\"\n        else\n            source=\"$CMAKE_INSTALL_LIB_PREFIX/libsfml-$1.dylib\"\n            target=\"`readlink $source`\"\n        fi\n\n        copy \"$source\" \"$dest/$target\"\n\n        # copy extra dependencies\n        if [ \"$1\" = \"audio\" ]\n        then\n            # copy \"FLAC\" \"ogg\" \"vorbis\" \"vorbisenc\" \"vorbisfile\" \"OpenAL\" frameworks too\n            for f in \"FLAC\" \"ogg\" \"vorbis\" \"vorbisenc\" \"vorbisfile\" \"OpenAL\"\n            do\n                copy \"$CMAKE_INSTALL_FRAMEWORK_PREFIX/$f.framework\" \"$dest/$f.framework\"\n            done\n        elif [ \"$1\" = \"graphics\" ]\n        then\n            copy \"$CMAKE_INSTALL_FRAMEWORK_PREFIX/freetype.framework\" \"$dest/freetype.framework\"\n        fi\n    fi\n}\n\nif [ -n \"$SFML_SYSTEM\" ]\nthen\n    require \"system\"\nfi\n\nif [ -n \"$SFML_AUDIO\" ]\nthen\n    require \"audio\"\nfi\n\nif [ -n \"$SFML_NETWORK\" ]\nthen\n    require \"network\"\nfi\n\nif [ -n \"$SFML_WINDOW\" ]\nthen\n    require \"window\"\nfi\n\nif [ -n \"$SFML_GRAPHICS\" ]\nthen\n    require \"graphics\"\nfi\n\n                ";
		};
/* End PBXShellScriptBuildPhase section */

/* Begin PBXSourcesBuildPhase section */
		A317ECA11FBEF2EF002E22F0 /* Sources */ = {
			isa = PBXSourcesBuildPhase;
			buildActionMask = 2147483647;
			files = (
				A317ECC01FBEF3AE002E22F0 /* GameEngine.cpp in Sources */,
				A317ECCB1FBEF754002E22F0 /* AssetManager.cpp in Sources */,
				A317ECCE1FBEF779002E22F0 /* InputManager.cpp in Sources */,
				A317ECAF1FBEF2EF002E22F0 /* main.cpp in Sources */,
				A317ECD31FBEF966002E22F0 /* State.cpp in Sources */,
				A317ECC71FBEF693002E22F0 /* StateMachine.cpp in Sources */,
			);
			runOnlyForDeploymentPostprocessing = 0;
		};
/* End PBXSourcesBuildPhase section */

/* Begin XCBuildConfiguration section */
		A317ECB91FBEF2EF002E22F0 /* Debug */ = {
			isa = XCBuildConfiguration;
			buildSettings = {
				ARCHS = "$(NATIVE_ARCH_ACTUAL)";
				CLANG_CXX_LANGUAGE_STANDARD = "c++0x";
				CLANG_CXX_LIBRARY = "libc++";
				FRAMEWORK_SEARCH_PATHS = (
					/Library/Frameworks/,
					"$(inherited)",
				);
				GCC_VERSION = com.apple.compilers.llvm.clang.1_0;
				HEADER_SEARCH_PATHS = (
					/usr/local/include/,
					"$(inherited)",
				);
				LIBRARY_SEARCH_PATHS = (
					/usr/local/lib/,
					"$(inherited)",
				);
				MACOSX_DEPLOYMENT_TARGET = 10.7;
				OTHER_LDFLAGS = (
					"$(inherited)",
					"$(SFML_SYSTEM)",
					"$(SFML_WINDOW)",
					"$(SFML_GRAPHICS)",
					"$(SFML_AUDIO)",
					"$(SFML_NETWORK)",
				);
				SFML_AUDIO = "$(SFML_LINK_PREFIX) sfml-audio$(SFML_LINK_SUFFIX)";
				SFML_BINARY_TYPE = FRAMEWORKS;
				SFML_GRAPHICS = "$(SFML_LINK_PREFIX) sfml-graphics$(SFML_LINK_SUFFIX)";
				SFML_LINK_DYLIBS_PREFIX = "-l";
				SFML_LINK_DYLIBS_SUFFIX = "";
				SFML_LINK_FRAMEWORKS_PREFIX = "-framework";
				SFML_LINK_FRAMEWORKS_SUFFIX = "";
				SFML_LINK_PREFIX = "$(SFML_LINK_$(SFML_BINARY_TYPE)_PREFIX)";
				SFML_LINK_SUFFIX = "$(SFML_LINK_$(SFML_BINARY_TYPE)_SUFFIX)";
				SFML_NETWORK = "$(SFML_LINK_PREFIX) sfml-network$(SFML_LINK_SUFFIX)";
				SFML_SYSTEM = "$(SFML_LINK_PREFIX) sfml-system$(SFML_LINK_SUFFIX)";
				SFML_WINDOW = "$(SFML_LINK_PREFIX) sfml-window$(SFML_LINK_SUFFIX)";
				SUPPORTED_PLATFORMS = macosx;
			};
			name = Debug;
		};
		A317ECBA1FBEF2EF002E22F0 /* Release */ = {
			isa = XCBuildConfiguration;
			buildSettings = {
				ARCHS = "$(NATIVE_ARCH_ACTUAL)";
				CLANG_CXX_LANGUAGE_STANDARD = "c++0x";
				CLANG_CXX_LIBRARY = "libc++";
				FRAMEWORK_SEARCH_PATHS = (
					/Library/Frameworks/,
					"$(inherited)",
				);
				GCC_VERSION = com.apple.compilers.llvm.clang.1_0;
				HEADER_SEARCH_PATHS = (
					/usr/local/include/,
					"$(inherited)",
				);
				LIBRARY_SEARCH_PATHS = (
					/usr/local/lib/,
					"$(inherited)",
				);
				MACOSX_DEPLOYMENT_TARGET = 10.7;
				OTHER_LDFLAGS = (
					"$(inherited)",
					"$(SFML_SYSTEM)",
					"$(SFML_WINDOW)",
					"$(SFML_GRAPHICS)",
					"$(SFML_AUDIO)",
					"$(SFML_NETWORK)",
				);
				SFML_AUDIO = "$(SFML_LINK_PREFIX) sfml-audio$(SFML_LINK_SUFFIX)";
				SFML_BINARY_TYPE = FRAMEWORKS;
				SFML_GRAPHICS = "$(SFML_LINK_PREFIX) sfml-graphics$(SFML_LINK_SUFFIX)";
				SFML_LINK_DYLIBS_PREFIX = "-l";
				SFML_LINK_DYLIBS_SUFFIX = "";
				SFML_LINK_FRAMEWORKS_PREFIX = "-framework";
				SFML_LINK_FRAMEWORKS_SUFFIX = "";
				SFML_LINK_PREFIX = "$(SFML_LINK_$(SFML_BINARY_TYPE)_PREFIX)";
				SFML_LINK_SUFFIX = "$(SFML_LINK_$(SFML_BINARY_TYPE)_SUFFIX)";
				SFML_NETWORK = "$(SFML_LINK_PREFIX) sfml-network$(SFML_LINK_SUFFIX)";
				SFML_SYSTEM = "$(SFML_LINK_PREFIX) sfml-system$(SFML_LINK_SUFFIX)";
				SFML_WINDOW = "$(SFML_LINK_PREFIX) sfml-window$(SFML_LINK_SUFFIX)";
				SUPPORTED_PLATFORMS = macosx;
			};
			name = Release;
		};
		A317ECBC1FBEF2EF002E22F0 /* Debug */ = {
			isa = XCBuildConfiguration;
			buildSettings = {
				CODE_SIGN_STYLE = Automatic;
				DEVELOPMENT_TEAM = QG4W6ELJ62;
				INFOPLIST_FILE = "Platformer/Platformer-Info.plist";
				LD_RUNPATH_SEARCH_PATHS = "@loader_path/../Frameworks";
				PRODUCT_NAME = "$(TARGET_NAME)";
			};
			name = Debug;
		};
		A317ECBD1FBEF2EF002E22F0 /* Release */ = {
			isa = XCBuildConfiguration;
			buildSettings = {
				CODE_SIGN_STYLE = Automatic;
				DEVELOPMENT_TEAM = QG4W6ELJ62;
				INFOPLIST_FILE = "Platformer/Platformer-Info.plist";
				LD_RUNPATH_SEARCH_PATHS = "@loader_path/../Frameworks";
				PRODUCT_NAME = "$(TARGET_NAME)";
			};
			name = Release;
		};
/* End XCBuildConfiguration section */

/* Begin XCConfigurationList section */
		A317ECA01FBEF2EF002E22F0 /* Build configuration list for PBXProject "Platformer" */ = {
			isa = XCConfigurationList;
			buildConfigurations = (
				A317ECB91FBEF2EF002E22F0 /* Debug */,
				A317ECBA1FBEF2EF002E22F0 /* Release */,
			);
			defaultConfigurationIsVisible = 0;
			defaultConfigurationName = Release;
		};
		A317ECBB1FBEF2EF002E22F0 /* Build configuration list for PBXNativeTarget "Platformer" */ = {
			isa = XCConfigurationList;
			buildConfigurations = (
				A317ECBC1FBEF2EF002E22F0 /* Debug */,
				A317ECBD1FBEF2EF002E22F0 /* Release */,
			);
			defaultConfigurationIsVisible = 0;
			defaultConfigurationName = Release;
		};
/* End XCConfigurationList section */
	};
	rootObject = A317EC9D1FBEF2EF002E22F0 /* Project object */;
}
